
Microsoft Visual Studio Solution File, Format Version 12.00
# Visual Studio Version 17
VisualStudioVersion = 17.4.33122.133
MinimumVisualStudioVersion = 10.0.40219.1
Project("{9A19103F-16F7-4668-BE54-9A1E7A4F7556}") = "Greed_DiceGame", "Greed_DiceGame.csproj", "{30FB6163-1807-44DA-A60D-0C6DD79B0F9B}"
EndProject
Project("{2150E333-8FDC-42A3-9474-1A3956D46DE8}") = "Projektmappenelemente", "Projektmappenelemente", "{3FE4531E-C1EA-4035-A0DC-EC2D937A55B8}"
EndProject
Project("{9A19103F-16F7-4668-BE54-9A1E7A4F7556}") = "TestGreed_DiceGame", "..\TestGreed_Dice\TestGreed_DiceGame.csproj", "{F24CD1BD-6B75-4AA4-A57B-9F9C0DEA90D2}"
EndProject
Project("{FAE04EC0-301F-11D3-BF4B-00C04F79EFBC}") = "GameOfLife", "..\GameOfLife\GameOfLife\GameOfLife.csproj", "{1694A9C3-D189-4502-B9AA-DB5B34499A6E}"
EndProject
Global
	GlobalSection(SolutionConfigurationPlatforms) = preSolution
		Debug|Any CPU = Debug|Any CPU
		Debug|x64 = Debug|x64
		Release|Any CPU = Release|Any CPU
		Release|x64 = Release|x64
	EndGlobalSection
	GlobalSection(ProjectConfigurationPlatforms) = postSolution
		{30FB6163-1807-44DA-A60D-0C6DD79B0F9B}.Debug|Any CPU.ActiveCfg = Debug|Any CPU
		{30FB6163-1807-44DA-A60D-0C6DD79B0F9B}.Debug|Any CPU.Build.0 = Debug|Any CPU
		{30FB6163-1807-44DA-A60D-0C6DD79B0F9B}.Debug|x64.ActiveCfg = Debug|x64
		{30FB6163-1807-44DA-A60D-0C6DD79B0F9B}.Debug|x64.Build.0 = Debug|x64
		{30FB6163-1807-44DA-A60D-0C6DD79B0F9B}.Release|Any CPU.ActiveCfg = Release|Any CPU
		{30FB6163-1807-44DA-A60D-0C6DD79B0F9B}.Release|Any CPU.Build.0 = Release|Any CPU
		{30FB6163-1807-44DA-A60D-0C6DD79B0F9B}.Release|x64.ActiveCfg = Release|x64
		{30FB6163-1807-44DA-A60D-0C6DD79B0F9B}.Release|x64.Build.0 = Release|x64
		{F24CD1BD-6B75-4AA4-A57B-9F9C0DEA90D2}.Debug|Any CPU.ActiveCfg = Debug|Any CPU
		{F24CD1BD-6B75-4AA4-A57B-9F9C0DEA90D2}.Debug|Any CPU.Build.0 = Debug|Any CPU
		{F24CD1BD-6B75-4AA4-A57B-9F9C0DEA90D2}.Debug|x64.ActiveCfg = Debug|x64
		{F24CD1BD-6B75-4AA4-A57B-9F9C0DEA90D2}.Debug|x64.Build.0 = Debug|x64
		{F24CD1BD-6B75-4AA4-A57B-9F9C0DEA90D2}.Release|Any CPU.ActiveCfg = Release|Any CPU
		{F24CD1BD-6B75-4AA4-A57B-9F9C0DEA90D2}.Release|Any CPU.Build.0 = Release|Any CPU
		{F24CD1BD-6B75-4AA4-A57B-9F9C0DEA90D2}.Release|x64.ActiveCfg = Release|x64
		{F24CD1BD-6B75-4AA4-A57B-9F9C0DEA90D2}.Release|x64.Build.0 = Release|x64
		{1694A9C3-D189-4502-B9AA-DB5B34499A6E}.Debug|Any CPU.ActiveCfg = Debug|Any CPU
		{1694A9C3-D189-4502-B9AA-DB5B34499A6E}.Debug|Any CPU.Build.0 = Debug|Any CPU
		{1694A9C3-D189-4502-B9AA-DB5B34499A6E}.Debug|x64.ActiveCfg = Debug|Any CPU
		{1694A9C3-D189-4502-B9AA-DB5B34499A6E}.Debug|x64.Build.0 = Debug|Any CPU
		{1694A9C3-D189-4502-B9AA-DB5B34499A6E}.Release|Any CPU.ActiveCfg = Release|Any CPU
		{1694A9C3-D189-4502-B9AA-DB5B34499A6E}.Release|Any CPU.Build.0 = Release|Any CPU
		{1694A9C3-D189-4502-B9AA-DB5B34499A6E}.Release|x64.ActiveCfg = Release|Any CPU
		{1694A9C3-D189-4502-B9AA-DB5B34499A6E}.Release|x64.Build.0 = Release|Any CPU
	EndGlobalSection
	GlobalSection(SolutionProperties) = preSolution
		HideSolutionNode = FALSE
	EndGlobalSection
	GlobalSection(ExtensibilityGlobals) = postSolution
		SolutionGuid = {BF2184AF-81DE-4228-946B-53E8D5AD7758}
	EndGlobalSection
EndGlobal
